
Microsoft Visual Studio Solution File, Format Version 12.00
# Visual Studio Version 17
VisualStudioVersion = 17.13.35806.99 d17.13
MinimumVisualStudioVersion = 10.0.40219.1
Project("{FAE04EC0-301F-11D3-BF4B-00C04F79EFBC}") = "WebAPI", "WebAPI\WebAPI.csproj", "{63483094-93EF-4F38-AB50-34AAAD66AD2E}"
EndProject
Global
	GlobalSection(SolutionConfigurationPlatforms) = preSolution
		Debug|Any CPU = Debug|Any CPU
		Release|Any CPU = Release|Any CPU
	EndGlobalSection
	GlobalSection(ProjectConfigurationPlatforms) = postSolution
		{63483094-93EF-4F38-AB50-34AAAD66AD2E}.Debug|Any CPU.ActiveCfg = Debug|Any CPU
		{63483094-93EF-4F38-AB50-34AAAD66AD2E}.Debug|Any CPU.Build.0 = Debug|Any CPU
		{63483094-93EF-4F38-AB50-34AAAD66AD2E}.Release|Any CPU.ActiveCfg = Release|Any CPU
		{63483094-93EF-4F38-AB50-34AAAD66AD2E}.Release|Any CPU.Build.0 = Release|Any CPU
	EndGlobalSection
	GlobalSection(SolutionProperties) = preSolution
		HideSolutionNode = FALSE
	EndGlobalSection
	GlobalSection(ExtensibilityGlobals) = postSolution
		SolutionGuid = {4F66A99C-2F46-4095-AF93-3D9E1055AC41}
	EndGlobalSection
EndGlobal
